// !$*UTF8*$!
{
	archiveVersion = 1;
	classes = {
	};
	objectVersion = 77;
	objects = {

/* Begin PBXBuildFile section */
		4F49A8B32DC310F400047A1D /* BulkTrack Watch App.app in Embed Watch Content */ = {isa = PBXBuildFile; fileRef = 4F49A8B22DC310F400047A1D /* BulkTrack Watch App.app */; settings = {ATTRIBUTES = (RemoveHeadersOnCopy, ); }; };
/* End PBXBuildFile section */

/* Begin PBXContainerItemProxy section */
		4F49A89D2DC310F400047A1D /* PBXContainerItemProxy */ = {
			isa = PBXContainerItemProxy;
			containerPortal = 4F49A8872DC310F200047A1D /* Project object */;
			proxyType = 1;
			remoteGlobalIDString = 4F49A88E2DC310F200047A1D;
			remoteInfo = BulkTrack;
		};
		4F49A8A72DC310F400047A1D /* PBXContainerItemProxy */ = {
			isa = PBXContainerItemProxy;
			containerPortal = 4F49A8872DC310F200047A1D /* Project object */;
			proxyType = 1;
			remoteGlobalIDString = 4F49A88E2DC310F200047A1D;
			remoteInfo = BulkTrack;
		};
		4F49A8B42DC310F400047A1D /* PBXContainerItemProxy */ = {
			isa = PBXContainerItemProxy;
			containerPortal = 4F49A8872DC310F200047A1D /* Project object */;
			proxyType = 1;
			remoteGlobalIDString = 4F49A8B12DC310F400047A1D;
			remoteInfo = "BulkTrack Watch App";
		};
		4F49A8C22DC310F400047A1D /* PBXContainerItemProxy */ = {
			isa = PBXContainerItemProxy;
			containerPortal = 4F49A8872DC310F200047A1D /* Project object */;
			proxyType = 1;
			remoteGlobalIDString = 4F49A8B12DC310F400047A1D;
			remoteInfo = "BulkTrack Watch App";
		};
		4F49A8CC2DC310F500047A1D /* PBXContainerItemProxy */ = {
			isa = PBXContainerItemProxy;
			containerPortal = 4F49A8872DC310F200047A1D /* Project object */;
			proxyType = 1;
			remoteGlobalIDString = 4F49A8B12DC310F400047A1D;
			remoteInfo = "BulkTrack Watch App";
		};
/* End PBXContainerItemProxy section */

/* Begin PBXCopyFilesBuildPhase section */
		4F49A8D82DC310F500047A1D /* Embed Watch Content */ = {
			isa = PBXCopyFilesBuildPhase;
			buildActionMask = 2147483647;
			dstPath = "$(CONTENTS_FOLDER_PATH)/Watch";
			dstSubfolderSpec = 16;
			files = (
				4F49A8B32DC310F400047A1D /* BulkTrack Watch App.app in Embed Watch Content */,
			);
			name = "Embed Watch Content";
			runOnlyForDeploymentPostprocessing = 0;
		};
/* End PBXCopyFilesBuildPhase section */

/* Begin PBXFileReference section */
		4F49A88F2DC310F200047A1D /* BulkTrack.app */ = {isa = PBXFileReference; explicitFileType = wrapper.application; includeInIndex = 0; path = BulkTrack.app; sourceTree = BUILT_PRODUCTS_DIR; };
		4F49A89C2DC310F400047A1D /* BulkTrackTests.xctest */ = {isa = PBXFileReference; explicitFileType = wrapper.cfbundle; includeInIndex = 0; path = BulkTrackTests.xctest; sourceTree = BUILT_PRODUCTS_DIR; };
		4F49A8A62DC310F400047A1D /* BulkTrackUITests.xctest */ = {isa = PBXFileReference; explicitFileType = wrapper.cfbundle; includeInIndex = 0; path = BulkTrackUITests.xctest; sourceTree = BUILT_PRODUCTS_DIR; };
		4F49A8B22DC310F400047A1D /* BulkTrack Watch App.app */ = {isa = PBXFileReference; explicitFileType = wrapper.application; includeInIndex = 0; path = "BulkTrack Watch App.app"; sourceTree = BUILT_PRODUCTS_DIR; };
		4F49A8C12DC310F400047A1D /* BulkTrack Watch AppTests.xctest */ = {isa = PBXFileReference; explicitFileType = wrapper.cfbundle; includeInIndex = 0; path = "BulkTrack Watch AppTests.xctest"; sourceTree = BUILT_PRODUCTS_DIR; };
		4F49A8CB2DC310F500047A1D /* BulkTrack Watch AppUITests.xctest */ = {isa = PBXFileReference; explicitFileType = wrapper.cfbundle; includeInIndex = 0; path = "BulkTrack Watch AppUITests.xctest"; sourceTree = BUILT_PRODUCTS_DIR; };
/* End PBXFileReference section */

/* Begin PBXFileSystemSynchronizedRootGroup section */
		4F49A8912DC310F200047A1D /* BulkTrack */ = {
			isa = PBXFileSystemSynchronizedRootGroup;
			path = BulkTrack;
			sourceTree = "<group>";
		};
		4F49A89F2DC310F400047A1D /* BulkTrackTests */ = {
			isa = PBXFileSystemSynchronizedRootGroup;
			path = BulkTrackTests;
			sourceTree = "<group>";
		};
		4F49A8A92DC310F400047A1D /* BulkTrackUITests */ = {
			isa = PBXFileSystemSynchronizedRootGroup;
			path = BulkTrackUITests;
			sourceTree = "<group>";
		};
		4F49A8B62DC310F400047A1D /* BulkTrack Watch App */ = {
			isa = PBXFileSystemSynchronizedRootGroup;
			path = "BulkTrack Watch App";
			sourceTree = "<group>";
		};
		4F49A8C42DC310F400047A1D /* BulkTrack Watch AppTests */ = {
			isa = PBXFileSystemSynchronizedRootGroup;
			path = "BulkTrack Watch AppTests";
			sourceTree = "<group>";
		};
		4F49A8CE2DC310F500047A1D /* BulkTrack Watch AppUITests */ = {
			isa = PBXFileSystemSynchronizedRootGroup;
			path = "BulkTrack Watch AppUITests";
			sourceTree = "<group>";
		};
/* End PBXFileSystemSynchronizedRootGroup section */

/* Begin PBXFrameworksBuildPhase section */
		4F49A88C2DC310F200047A1D /* Frameworks */ = {
			isa = PBXFrameworksBuildPhase;
			buildActionMask = 2147483647;
			files = (
			);
			runOnlyForDeploymentPostprocessing = 0;
		};
		4F49A8992DC310F400047A1D /* Frameworks */ = {
			isa = PBXFrameworksBuildPhase;
			buildActionMask = 2147483647;
			files = (
			);
			runOnlyForDeploymentPostprocessing = 0;
		};
		4F49A8A32DC310F400047A1D /* Frameworks */ = {
			isa = PBXFrameworksBuildPhase;
			buildActionMask = 2147483647;
			files = (
			);
			runOnlyForDeploymentPostprocessing = 0;
		};
		4F49A8AF2DC310F400047A1D /* Frameworks */ = {
			isa = PBXFrameworksBuildPhase;
			buildActionMask = 2147483647;
			files = (
			);
			runOnlyForDeploymentPostprocessing = 0;
		};
		4F49A8BE2DC310F400047A1D /* Frameworks */ = {
			isa = PBXFrameworksBuildPhase;
			buildActionMask = 2147483647;
			files = (
			);
			runOnlyForDeploymentPostprocessing = 0;
		};
		4F49A8C82DC310F500047A1D /* Frameworks */ = {
			isa = PBXFrameworksBuildPhase;
			buildActionMask = 2147483647;
			files = (
			);
			runOnlyForDeploymentPostprocessing = 0;
		};
/* End PBXFrameworksBuildPhase section */

/* Begin PBXGroup section */
		4F49A8862DC310F200047A1D = {
			isa = PBXGroup;
			children = (
				4F49A8912DC310F200047A1D /* BulkTrack */,
				4F49A89F2DC310F400047A1D /* BulkTrackTests */,
				4F49A8A92DC310F400047A1D /* BulkTrackUITests */,
				4F49A8B62DC310F400047A1D /* BulkTrack Watch App */,
				4F49A8C42DC310F400047A1D /* BulkTrack Watch AppTests */,
				4F49A8CE2DC310F500047A1D /* BulkTrack Watch AppUITests */,
				4F49A8902DC310F200047A1D /* Products */,
			);
			sourceTree = "<group>";
		};
		4F49A8902DC310F200047A1D /* Products */ = {
			isa = PBXGroup;
			children = (
				4F49A88F2DC310F200047A1D /* BulkTrack.app */,
				4F49A89C2DC310F400047A1D /* BulkTrackTests.xctest */,
				4F49A8A62DC310F400047A1D /* BulkTrackUITests.xctest */,
				4F49A8B22DC310F400047A1D /* BulkTrack Watch App.app */,
				4F49A8C12DC310F400047A1D /* BulkTrack Watch AppTests.xctest */,
				4F49A8CB2DC310F500047A1D /* BulkTrack Watch AppUITests.xctest */,
			);
			name = Products;
			sourceTree = "<group>";
		};
/* End PBXGroup section */

/* Begin PBXNativeTarget section */
		4F49A88E2DC310F200047A1D /* BulkTrack */ = {
			isa = PBXNativeTarget;
			buildConfigurationList = 4F49A8D92DC310F500047A1D /* Build configuration list for PBXNativeTarget "BulkTrack" */;
			buildPhases = (
				4F49A88B2DC310F200047A1D /* Sources */,
				4F49A88C2DC310F200047A1D /* Frameworks */,
				4F49A88D2DC310F200047A1D /* Resources */,
				4F49A8D82DC310F500047A1D /* Embed Watch Content */,
			);
			buildRules = (
			);
			dependencies = (
				4F49A8B52DC310F400047A1D /* PBXTargetDependency */,
			);
			fileSystemSynchronizedGroups = (
				4F49A8912DC310F200047A1D /* BulkTrack */,
			);
			name = BulkTrack;
			packageProductDependencies = (
			);
			productName = BulkTrack;
			productReference = 4F49A88F2DC310F200047A1D /* BulkTrack.app */;
			productType = "com.apple.product-type.application";
		};
		4F49A89B2DC310F400047A1D /* BulkTrackTests */ = {
			isa = PBXNativeTarget;
			buildConfigurationList = 4F49A8DC2DC310F500047A1D /* Build configuration list for PBXNativeTarget "BulkTrackTests" */;
			buildPhases = (
				4F49A8982DC310F400047A1D /* Sources */,
				4F49A8992DC310F400047A1D /* Frameworks */,
				4F49A89A2DC310F400047A1D /* Resources */,
			);
			buildRules = (
			);
			dependencies = (
				4F49A89E2DC310F400047A1D /* PBXTargetDependency */,
			);
			fileSystemSynchronizedGroups = (
				4F49A89F2DC310F400047A1D /* BulkTrackTests */,
			);
			name = BulkTrackTests;
			packageProductDependencies = (
			);
			productName = BulkTrackTests;
			productReference = 4F49A89C2DC310F400047A1D /* BulkTrackTests.xctest */;
			productType = "com.apple.product-type.bundle.unit-test";
		};
		4F49A8A52DC310F400047A1D /* BulkTrackUITests */ = {
			isa = PBXNativeTarget;
			buildConfigurationList = 4F49A8DF2DC310F500047A1D /* Build configuration list for PBXNativeTarget "BulkTrackUITests" */;
			buildPhases = (
				4F49A8A22DC310F400047A1D /* Sources */,
				4F49A8A32DC310F400047A1D /* Frameworks */,
				4F49A8A42DC310F400047A1D /* Resources */,
			);
			buildRules = (
			);
			dependencies = (
				4F49A8A82DC310F400047A1D /* PBXTargetDependency */,
			);
			fileSystemSynchronizedGroups = (
				4F49A8A92DC310F400047A1D /* BulkTrackUITests */,
			);
			name = BulkTrackUITests;
			packageProductDependencies = (
			);
			productName = BulkTrackUITests;
			productReference = 4F49A8A62DC310F400047A1D /* BulkTrackUITests.xctest */;
			productType = "com.apple.product-type.bundle.ui-testing";
		};
		4F49A8B12DC310F400047A1D /* BulkTrack Watch App */ = {
			isa = PBXNativeTarget;
			buildConfigurationList = 4F49A8D52DC310F500047A1D /* Build configuration list for PBXNativeTarget "BulkTrack Watch App" */;
			buildPhases = (
				4F49A8AE2DC310F400047A1D /* Sources */,
				4F49A8AF2DC310F400047A1D /* Frameworks */,
				4F49A8B02DC310F400047A1D /* Resources */,
			);
			buildRules = (
			);
			dependencies = (
			);
			fileSystemSynchronizedGroups = (
				4F49A8B62DC310F400047A1D /* BulkTrack Watch App */,
			);
			name = "BulkTrack Watch App";
			packageProductDependencies = (
			);
			productName = "BulkTrack Watch App";
			productReference = 4F49A8B22DC310F400047A1D /* BulkTrack Watch App.app */;
			productType = "com.apple.product-type.application";
		};
		4F49A8C02DC310F400047A1D /* BulkTrack Watch AppTests */ = {
			isa = PBXNativeTarget;
			buildConfigurationList = 4F49A8E22DC310F500047A1D /* Build configuration list for PBXNativeTarget "BulkTrack Watch AppTests" */;
			buildPhases = (
				4F49A8BD2DC310F400047A1D /* Sources */,
				4F49A8BE2DC310F400047A1D /* Frameworks */,
				4F49A8BF2DC310F400047A1D /* Resources */,
			);
			buildRules = (
			);
			dependencies = (
				4F49A8C32DC310F400047A1D /* PBXTargetDependency */,
			);
			fileSystemSynchronizedGroups = (
				4F49A8C42DC310F400047A1D /* BulkTrack Watch AppTests */,
			);
			name = "BulkTrack Watch AppTests";
			packageProductDependencies = (
			);
			productName = "BulkTrack Watch AppTests";
			productReference = 4F49A8C12DC310F400047A1D /* BulkTrack Watch AppTests.xctest */;
			productType = "com.apple.product-type.bundle.unit-test";
		};
		4F49A8CA2DC310F500047A1D /* BulkTrack Watch AppUITests */ = {
			isa = PBXNativeTarget;
			buildConfigurationList = 4F49A8E52DC310F500047A1D /* Build configuration list for PBXNativeTarget "BulkTrack Watch AppUITests" */;
			buildPhases = (
				4F49A8C72DC310F500047A1D /* Sources */,
				4F49A8C82DC310F500047A1D /* Frameworks */,
				4F49A8C92DC310F500047A1D /* Resources */,
			);
			buildRules = (
			);
			dependencies = (
				4F49A8CD2DC310F500047A1D /* PBXTargetDependency */,
			);
			fileSystemSynchronizedGroups = (
				4F49A8CE2DC310F500047A1D /* BulkTrack Watch AppUITests */,
			);
			name = "BulkTrack Watch AppUITests";
			packageProductDependencies = (
			);
			productName = "BulkTrack Watch AppUITests";
			productReference = 4F49A8CB2DC310F500047A1D /* BulkTrack Watch AppUITests.xctest */;
			productType = "com.apple.product-type.bundle.ui-testing";
		};
/* End PBXNativeTarget section */

/* Begin PBXProject section */
		4F49A8872DC310F200047A1D /* Project object */ = {
			isa = PBXProject;
			attributes = {
				BuildIndependentTargetsInParallel = 1;
				LastSwiftUpdateCheck = 1630;
				LastUpgradeCheck = 1630;
				TargetAttributes = {
					4F49A88E2DC310F200047A1D = {
						CreatedOnToolsVersion = 16.3;
					};
					4F49A89B2DC310F400047A1D = {
						CreatedOnToolsVersion = 16.3;
						TestTargetID = 4F49A88E2DC310F200047A1D;
					};
					4F49A8A52DC310F400047A1D = {
						CreatedOnToolsVersion = 16.3;
						TestTargetID = 4F49A88E2DC310F200047A1D;
					};
					4F49A8B12DC310F400047A1D = {
						CreatedOnToolsVersion = 16.3;
					};
					4F49A8C02DC310F400047A1D = {
						CreatedOnToolsVersion = 16.3;
						TestTargetID = 4F49A8B12DC310F400047A1D;
					};
					4F49A8CA2DC310F500047A1D = {
						CreatedOnToolsVersion = 16.3;
						TestTargetID = 4F49A8B12DC310F400047A1D;
					};
				};
			};
			buildConfigurationList = 4F49A88A2DC310F200047A1D /* Build configuration list for PBXProject "BulkTrack" */;
			developmentRegion = en;
			hasScannedForEncodings = 0;
			knownRegions = (
				en,
				Base,
			);
			mainGroup = 4F49A8862DC310F200047A1D;
			minimizedProjectReferenceProxies = 1;
			preferredProjectObjectVersion = 77;
			productRefGroup = 4F49A8902DC310F200047A1D /* Products */;
			projectDirPath = "";
			projectRoot = "";
			targets = (
				4F49A88E2DC310F200047A1D /* BulkTrack */,
				4F49A89B2DC310F400047A1D /* BulkTrackTests */,
				4F49A8A52DC310F400047A1D /* BulkTrackUITests */,
				4F49A8B12DC310F400047A1D /* BulkTrack Watch App */,
				4F49A8C02DC310F400047A1D /* BulkTrack Watch AppTests */,
				4F49A8CA2DC310F500047A1D /* BulkTrack Watch AppUITests */,
			);
		};
/* End PBXProject section */

/* Begin PBXResourcesBuildPhase section */
		4F49A88D2DC310F200047A1D /* Resources */ = {
			isa = PBXResourcesBuildPhase;
			buildActionMask = 2147483647;
			files = (
			);
			runOnlyForDeploymentPostprocessing = 0;
		};
		4F49A89A2DC310F400047A1D /* Resources */ = {
			isa = PBXResourcesBuildPhase;
			buildActionMask = 2147483647;
			files = (
			);
			runOnlyForDeploymentPostprocessing = 0;
		};
		4F49A8A42DC310F400047A1D /* Resources */ = {
			isa = PBXResourcesBuildPhase;
			buildActionMask = 2147483647;
			files = (
			);
			runOnlyForDeploymentPostprocessing = 0;
		};
		4F49A8B02DC310F400047A1D /* Resources */ = {
			isa = PBXResourcesBuildPhase;
			buildActionMask = 2147483647;
			files = (
			);
			runOnlyForDeploymentPostprocessing = 0;
		};
		4F49A8BF2DC310F400047A1D /* Resources */ = {
			isa = PBXResourcesBuildPhase;
			buildActionMask = 2147483647;
			files = (
			);
			runOnlyForDeploymentPostprocessing = 0;
		};
		4F49A8C92DC310F500047A1D /* Resources */ = {
			isa = PBXResourcesBuildPhase;
			buildActionMask = 2147483647;
			files = (
			);
			runOnlyForDeploymentPostprocessing = 0;
		};
/* End PBXResourcesBuildPhase section */

/* Begin PBXSourcesBuildPhase section */
		4F49A88B2DC310F200047A1D /* Sources */ = {
			isa = PBXSourcesBuildPhase;
			buildActionMask = 2147483647;
			files = (
			);
			runOnlyForDeploymentPostprocessing = 0;
		};
		4F49A8982DC310F400047A1D /* Sources */ = {
			isa = PBXSourcesBuildPhase;
			buildActionMask = 2147483647;
			files = (
			);
			runOnlyForDeploymentPostprocessing = 0;
		};
		4F49A8A22DC310F400047A1D /* Sources */ = {
			isa = PBXSourcesBuildPhase;
			buildActionMask = 2147483647;
			files = (
			);
			runOnlyForDeploymentPostprocessing = 0;
		};
		4F49A8AE2DC310F400047A1D /* Sources */ = {
			isa = PBXSourcesBuildPhase;
			buildActionMask = 2147483647;
			files = (
			);
			runOnlyForDeploymentPostprocessing = 0;
		};
		4F49A8BD2DC310F400047A1D /* Sources */ = {
			isa = PBXSourcesBuildPhase;
			buildActionMask = 2147483647;
			files = (
			);
			runOnlyForDeploymentPostprocessing = 0;
		};
		4F49A8C72DC310F500047A1D /* Sources */ = {
			isa = PBXSourcesBuildPhase;
			buildActionMask = 2147483647;
			files = (
			);
			runOnlyForDeploymentPostprocessing = 0;
		};
/* End PBXSourcesBuildPhase section */

/* Begin PBXTargetDependency section */
		4F49A89E2DC310F400047A1D /* PBXTargetDependency */ = {
			isa = PBXTargetDependency;
			target = 4F49A88E2DC310F200047A1D /* BulkTrack */;
			targetProxy = 4F49A89D2DC310F400047A1D /* PBXContainerItemProxy */;
		};
		4F49A8A82DC310F400047A1D /* PBXTargetDependency */ = {
			isa = PBXTargetDependency;
			target = 4F49A88E2DC310F200047A1D /* BulkTrack */;
			targetProxy = 4F49A8A72DC310F400047A1D /* PBXContainerItemProxy */;
		};
		4F49A8B52DC310F400047A1D /* PBXTargetDependency */ = {
			isa = PBXTargetDependency;
			target = 4F49A8B12DC310F400047A1D /* BulkTrack Watch App */;
			targetProxy = 4F49A8B42DC310F400047A1D /* PBXContainerItemProxy */;
		};
		4F49A8C32DC310F400047A1D /* PBXTargetDependency */ = {
			isa = PBXTargetDependency;
			target = 4F49A8B12DC310F400047A1D /* BulkTrack Watch App */;
			targetProxy = 4F49A8C22DC310F400047A1D /* PBXContainerItemProxy */;
		};
		4F49A8CD2DC310F500047A1D /* PBXTargetDependency */ = {
			isa = PBXTargetDependency;
			target = 4F49A8B12DC310F400047A1D /* BulkTrack Watch App */;
			targetProxy = 4F49A8CC2DC310F500047A1D /* PBXContainerItemProxy */;
		};
/* End PBXTargetDependency section */

/* Begin XCBuildConfiguration section */
		4F49A8D32DC310F500047A1D /* Debug */ = {
			isa = XCBuildConfiguration;
			buildSettings = {
				ALWAYS_SEARCH_USER_PATHS = NO;
				ASSETCATALOG_COMPILER_GENERATE_SWIFT_ASSET_SYMBOL_EXTENSIONS = YES;
				CLANG_ANALYZER_NONNULL = YES;
				CLANG_ANALYZER_NUMBER_OBJECT_CONVERSION = YES_AGGRESSIVE;
				CLANG_CXX_LANGUAGE_STANDARD = "gnu++20";
				CLANG_ENABLE_MODULES = YES;
				CLANG_ENABLE_OBJC_ARC = YES;
				CLANG_ENABLE_OBJC_WEAK = YES;
				CLANG_WARN_BLOCK_CAPTURE_AUTORELEASING = YES;
				CLANG_WARN_BOOL_CONVERSION = YES;
				CLANG_WARN_COMMA = YES;
				CLANG_WARN_CONSTANT_CONVERSION = YES;
				CLANG_WARN_DEPRECATED_OBJC_IMPLEMENTATIONS = YES;
				CLANG_WARN_DIRECT_OBJC_ISA_USAGE = YES_ERROR;
				CLANG_WARN_DOCUMENTATION_COMMENTS = YES;
				CLANG_WARN_EMPTY_BODY = YES;
				CLANG_WARN_ENUM_CONVERSION = YES;
				CLANG_WARN_INFINITE_RECURSION = YES;
				CLANG_WARN_INT_CONVERSION = YES;
				CLANG_WARN_NON_LITERAL_NULL_CONVERSION = YES;
				CLANG_WARN_OBJC_IMPLICIT_RETAIN_SELF = YES;
				CLANG_WARN_OBJC_LITERAL_CONVERSION = YES;
				CLANG_WARN_OBJC_ROOT_CLASS = YES_ERROR;
				CLANG_WARN_QUOTED_INCLUDE_IN_FRAMEWORK_HEADER = YES;
				CLANG_WARN_RANGE_LOOP_ANALYSIS = YES;
				CLANG_WARN_STRICT_PROTOTYPES = YES;
				CLANG_WARN_SUSPICIOUS_MOVE = YES;
				CLANG_WARN_UNGUARDED_AVAILABILITY = YES_AGGRESSIVE;
				CLANG_WARN_UNREACHABLE_CODE = YES;
				CLANG_WARN__DUPLICATE_METHOD_MATCH = YES;
				COPY_PHASE_STRIP = NO;
				DEBUG_INFORMATION_FORMAT = dwarf;
				ENABLE_STRICT_OBJC_MSGSEND = YES;
				ENABLE_TESTABILITY = YES;
				ENABLE_USER_SCRIPT_SANDBOXING = YES;
				GCC_C_LANGUAGE_STANDARD = gnu17;
				GCC_DYNAMIC_NO_PIC = NO;
				GCC_NO_COMMON_BLOCKS = YES;
				GCC_OPTIMIZATION_LEVEL = 0;
				GCC_PREPROCESSOR_DEFINITIONS = (
					"DEBUG=1",
					"$(inherited)",
				);
				GCC_WARN_64_TO_32_BIT_CONVERSION = YES;
				GCC_WARN_ABOUT_RETURN_TYPE = YES_ERROR;
				GCC_WARN_UNDECLARED_SELECTOR = YES;
				GCC_WARN_UNINITIALIZED_AUTOS = YES_AGGRESSIVE;
				GCC_WARN_UNUSED_FUNCTION = YES;
				GCC_WARN_UNUSED_VARIABLE = YES;
				LOCALIZATION_PREFERS_STRING_CATALOGS = YES;
				MTL_ENABLE_DEBUG_INFO = INCLUDE_SOURCE;
				MTL_FAST_MATH = YES;
				ONLY_ACTIVE_ARCH = YES;
				SWIFT_ACTIVE_COMPILATION_CONDITIONS = "DEBUG $(inherited)";
				SWIFT_OPTIMIZATION_LEVEL = "-Onone";
			};
			name = Debug;
		};
		4F49A8D42DC310F500047A1D /* Release */ = {
			isa = XCBuildConfiguration;
			buildSettings = {
				ALWAYS_SEARCH_USER_PATHS = NO;
				ASSETCATALOG_COMPILER_GENERATE_SWIFT_ASSET_SYMBOL_EXTENSIONS = YES;
				CLANG_ANALYZER_NONNULL = YES;
				CLANG_ANALYZER_NUMBER_OBJECT_CONVERSION = YES_AGGRESSIVE;
				CLANG_CXX_LANGUAGE_STANDARD = "gnu++20";
				CLANG_ENABLE_MODULES = YES;
				CLANG_ENABLE_OBJC_ARC = YES;
				CLANG_ENABLE_OBJC_WEAK = YES;
				CLANG_WARN_BLOCK_CAPTURE_AUTORELEASING = YES;
				CLANG_WARN_BOOL_CONVERSION = YES;
				CLANG_WARN_COMMA = YES;
				CLANG_WARN_CONSTANT_CONVERSION = YES;
				CLANG_WARN_DEPRECATED_OBJC_IMPLEMENTATIONS = YES;
				CLANG_WARN_DIRECT_OBJC_ISA_USAGE = YES_ERROR;
				CLANG_WARN_DOCUMENTATION_COMMENTS = YES;
				CLANG_WARN_EMPTY_BODY = YES;
				CLANG_WARN_ENUM_CONVERSION = YES;
				CLANG_WARN_INFINITE_RECURSION = YES;
				CLANG_WARN_INT_CONVERSION = YES;
				CLANG_WARN_NON_LITERAL_NULL_CONVERSION = YES;
				CLANG_WARN_OBJC_IMPLICIT_RETAIN_SELF = YES;
				CLANG_WARN_OBJC_LITERAL_CONVERSION = YES;
				CLANG_WARN_OBJC_ROOT_CLASS = YES_ERROR;
				CLANG_WARN_QUOTED_INCLUDE_IN_FRAMEWORK_HEADER = YES;
				CLANG_WARN_RANGE_LOOP_ANALYSIS = YES;
				CLANG_WARN_STRICT_PROTOTYPES = YES;
				CLANG_WARN_SUSPICIOUS_MOVE = YES;
				CLANG_WARN_UNGUARDED_AVAILABILITY = YES_AGGRESSIVE;
				CLANG_WARN_UNREACHABLE_CODE = YES;
				CLANG_WARN__DUPLICATE_METHOD_MATCH = YES;
				COPY_PHASE_STRIP = NO;
				DEBUG_INFORMATION_FORMAT = "dwarf-with-dsym";
				ENABLE_NS_ASSERTIONS = NO;
				ENABLE_STRICT_OBJC_MSGSEND = YES;
				ENABLE_USER_SCRIPT_SANDBOXING = YES;
				GCC_C_LANGUAGE_STANDARD = gnu17;
				GCC_NO_COMMON_BLOCKS = YES;
				GCC_WARN_64_TO_32_BIT_CONVERSION = YES;
				GCC_WARN_ABOUT_RETURN_TYPE = YES_ERROR;
				GCC_WARN_UNDECLARED_SELECTOR = YES;
				GCC_WARN_UNINITIALIZED_AUTOS = YES_AGGRESSIVE;
				GCC_WARN_UNUSED_FUNCTION = YES;
				GCC_WARN_UNUSED_VARIABLE = YES;
				LOCALIZATION_PREFERS_STRING_CATALOGS = YES;
				MTL_ENABLE_DEBUG_INFO = NO;
				MTL_FAST_MATH = YES;
				SWIFT_COMPILATION_MODE = wholemodule;
			};
			name = Release;
		};
		4F49A8D62DC310F500047A1D /* Debug */ = {
			isa = XCBuildConfiguration;
			buildSettings = {
				ASSETCATALOG_COMPILER_APPICON_NAME = AppIcon;
				ASSETCATALOG_COMPILER_GLOBAL_ACCENT_COLOR_NAME = AccentColor;
				CODE_SIGN_STYLE = Automatic;
				CURRENT_PROJECT_VERSION = 1;
				DEVELOPMENT_TEAM = 573P995VR5;
				ENABLE_PREVIEWS = YES;
				GENERATE_INFOPLIST_FILE = YES;
				INFOPLIST_KEY_CFBundleDisplayName = BulkTrack;
				INFOPLIST_KEY_UISupportedInterfaceOrientations = "UIInterfaceOrientationPortrait UIInterfaceOrientationPortraitUpsideDown";
				INFOPLIST_KEY_WKCompanionAppBundleIdentifier = "com.bulk-track.BulkTrack";
				LD_RUNPATH_SEARCH_PATHS = (
					"$(inherited)",
					"@executable_path/Frameworks",
				);
				MARKETING_VERSION = 1.0;
				PRODUCT_BUNDLE_IDENTIFIER = "com.bulk-track.BulkTrack.watchkitapp";
				PRODUCT_NAME = "$(TARGET_NAME)";
				SDKROOT = watchos;
				SKIP_INSTALL = YES;
				SWIFT_EMIT_LOC_STRINGS = YES;
				SWIFT_VERSION = 5.0;
				TARGETED_DEVICE_FAMILY = 4;
				WATCHOS_DEPLOYMENT_TARGET = 11.4;
			};
			name = Debug;
		};
		4F49A8D72DC310F500047A1D /* Release */ = {
			isa = XCBuildConfiguration;
			buildSettings = {
				ASSETCATALOG_COMPILER_APPICON_NAME = AppIcon;
				ASSETCATALOG_COMPILER_GLOBAL_ACCENT_COLOR_NAME = AccentColor;
				CODE_SIGN_STYLE = Automatic;
				CURRENT_PROJECT_VERSION = 1;
				DEVELOPMENT_TEAM = 573P995VR5;
				ENABLE_PREVIEWS = YES;
				GENERATE_INFOPLIST_FILE = YES;
				INFOPLIST_KEY_CFBundleDisplayName = BulkTrack;
				INFOPLIST_KEY_UISupportedInterfaceOrientations = "UIInterfaceOrientationPortrait UIInterfaceOrientationPortraitUpsideDown";
				INFOPLIST_KEY_WKCompanionAppBundleIdentifier = "com.bulk-track.BulkTrack";
				LD_RUNPATH_SEARCH_PATHS = (
					"$(inherited)",
					"@executable_path/Frameworks",
				);
				MARKETING_VERSION = 1.0;
				PRODUCT_BUNDLE_IDENTIFIER = "com.bulk-track.BulkTrack.watchkitapp";
				PRODUCT_NAME = "$(TARGET_NAME)";
				SDKROOT = watchos;
				SKIP_INSTALL = YES;
				SWIFT_EMIT_LOC_STRINGS = YES;
				SWIFT_VERSION = 5.0;
				TARGETED_DEVICE_FAMILY = 4;
				VALIDATE_PRODUCT = YES;
				WATCHOS_DEPLOYMENT_TARGET = 11.4;
			};
			name = Release;
		};
		4F49A8DA2DC310F500047A1D /* Debug */ = {
			isa = XCBuildConfiguration;
			buildSettings = {
				ASSETCATALOG_COMPILER_APPICON_NAME = AppIcon;
				ASSETCATALOG_COMPILER_GLOBAL_ACCENT_COLOR_NAME = AccentColor;
				CODE_SIGN_STYLE = Automatic;
				CURRENT_PROJECT_VERSION = 1;
				DEVELOPMENT_TEAM = 573P995VR5;
				ENABLE_PREVIEWS = YES;
				GENERATE_INFOPLIST_FILE = YES;
				INFOPLIST_KEY_CFBundleDisplayName = BulkTrack;
				INFOPLIST_KEY_UIApplicationSceneManifest_Generation = YES;
				INFOPLIST_KEY_UIApplicationSupportsIndirectInputEvents = YES;
				INFOPLIST_KEY_UILaunchScreen_Generation = YES;
				INFOPLIST_KEY_UISupportedInterfaceOrientations_iPad = "UIInterfaceOrientationPortrait UIInterfaceOrientationPortraitUpsideDown UIInterfaceOrientationLandscapeLeft UIInterfaceOrientationLandscapeRight";
				INFOPLIST_KEY_UISupportedInterfaceOrientations_iPhone = "UIInterfaceOrientationPortrait UIInterfaceOrientationLandscapeLeft UIInterfaceOrientationLandscapeRight";
				IPHONEOS_DEPLOYMENT_TARGET = 18.4;
				LD_RUNPATH_SEARCH_PATHS = (
					"$(inherited)",
					"@executable_path/Frameworks",
				);
				MARKETING_VERSION = 1.0;
				PRODUCT_BUNDLE_IDENTIFIER = "com.bulk-track.BulkTrack";
				PRODUCT_NAME = "$(TARGET_NAME)";
				SDKROOT = iphoneos;
				SWIFT_EMIT_LOC_STRINGS = YES;
				SWIFT_VERSION = 5.0;
				TARGETED_DEVICE_FAMILY = "1,2";
			};
			name = Debug;
		};
		4F49A8DB2DC310F500047A1D /* Release */ = {
			isa = XCBuildConfiguration;
			buildSettings = {
				ASSETCATALOG_COMPILER_APPICON_NAME = AppIcon;
				ASSETCATALOG_COMPILER_GLOBAL_ACCENT_COLOR_NAME = AccentColor;
				CODE_SIGN_STYLE = Automatic;
				CURRENT_PROJECT_VERSION = 1;
				DEVELOPMENT_TEAM = 573P995VR5;
				ENABLE_PREVIEWS = YES;
				GENERATE_INFOPLIST_FILE = YES;
				INFOPLIST_KEY_CFBundleDisplayName = BulkTrack;
				INFOPLIST_KEY_UIApplicationSceneManifest_Generation = YES;
				INFOPLIST_KEY_UIApplicationSupportsIndirectInputEvents = YES;
				INFOPLIST_KEY_UILaunchScreen_Generation = YES;
				INFOPLIST_KEY_UISupportedInterfaceOrientations_iPad = "UIInterfaceOrientationPortrait UIInterfaceOrientationPortraitUpsideDown UIInterfaceOrientationLandscapeLeft UIInterfaceOrientationLandscapeRight";
				INFOPLIST_KEY_UISupportedInterfaceOrientations_iPhone = "UIInterfaceOrientationPortrait UIInterfaceOrientationLandscapeLeft UIInterfaceOrientationLandscapeRight";
				IPHONEOS_DEPLOYMENT_TARGET = 18.4;
				LD_RUNPATH_SEARCH_PATHS = (
					"$(inherited)",
					"@executable_path/Frameworks",
				);
				MARKETING_VERSION = 1.0;
				PRODUCT_BUNDLE_IDENTIFIER = "com.bulk-track.BulkTrack";
				PRODUCT_NAME = "$(TARGET_NAME)";
				SDKROOT = iphoneos;
				SWIFT_EMIT_LOC_STRINGS = YES;
				SWIFT_VERSION = 5.0;
				TARGETED_DEVICE_FAMILY = "1,2";
				VALIDATE_PRODUCT = YES;
			};
			name = Release;
		};
		4F49A8DD2DC310F500047A1D /* Debug */ = {
			isa = XCBuildConfiguration;
			buildSettings = {
				BUNDLE_LOADER = "$(TEST_HOST)";
				CODE_SIGN_STYLE = Automatic;
				CURRENT_PROJECT_VERSION = 1;
				GENERATE_INFOPLIST_FILE = YES;
				IPHONEOS_DEPLOYMENT_TARGET = 18.4;
				MARKETING_VERSION = 1.0;
				PRODUCT_BUNDLE_IDENTIFIER = "com.bulk-track.BulkTrackTests";
				PRODUCT_NAME = "$(TARGET_NAME)";
				SDKROOT = iphoneos;
				SWIFT_EMIT_LOC_STRINGS = NO;
				SWIFT_VERSION = 5.0;
				TARGETED_DEVICE_FAMILY = "1,2";
				TEST_HOST = "$(BUILT_PRODUCTS_DIR)/BulkTrack.app/$(BUNDLE_EXECUTABLE_FOLDER_PATH)/BulkTrack";
			};
			name = Debug;
		};
		4F49A8DE2DC310F500047A1D /* Release */ = {
			isa = XCBuildConfiguration;
			buildSettings = {
				BUNDLE_LOADER = "$(TEST_HOST)";
				CODE_SIGN_STYLE = Automatic;
				CURRENT_PROJECT_VERSION = 1;
				GENERATE_INFOPLIST_FILE = YES;
				IPHONEOS_DEPLOYMENT_TARGET = 18.4;
				MARKETING_VERSION = 1.0;
				PRODUCT_BUNDLE_IDENTIFIER = "com.bulk-track.BulkTrackTests";
				PRODUCT_NAME = "$(TARGET_NAME)";
				SDKROOT = iphoneos;
				SWIFT_EMIT_LOC_STRINGS = NO;
				SWIFT_VERSION = 5.0;
				TARGETED_DEVICE_FAMILY = "1,2";
				TEST_HOST = "$(BUILT_PRODUCTS_DIR)/BulkTrack.app/$(BUNDLE_EXECUTABLE_FOLDER_PATH)/BulkTrack";
				VALIDATE_PRODUCT = YES;
			};
			name = Release;
		};
		4F49A8E02DC310F500047A1D /* Debug */ = {
			isa = XCBuildConfiguration;
			buildSettings = {
				CODE_SIGN_STYLE = Automatic;
				CURRENT_PROJECT_VERSION = 1;
				GENERATE_INFOPLIST_FILE = YES;
				IPHONEOS_DEPLOYMENT_TARGET = 18.4;
				MARKETING_VERSION = 1.0;
				PRODUCT_BUNDLE_IDENTIFIER = "com.bulk-track.BulkTrackUITests";
				PRODUCT_NAME = "$(TARGET_NAME)";
				SDKROOT = iphoneos;
				SWIFT_EMIT_LOC_STRINGS = NO;
				SWIFT_VERSION = 5.0;
				TARGETED_DEVICE_FAMILY = "1,2";
				TEST_TARGET_NAME = BulkTrack;
			};
			name = Debug;
		};
		4F49A8E12DC310F500047A1D /* Release */ = {
			isa = XCBuildConfiguration;
			buildSettings = {
				CODE_SIGN_STYLE = Automatic;
				CURRENT_PROJECT_VERSION = 1;
				GENERATE_INFOPLIST_FILE = YES;
				IPHONEOS_DEPLOYMENT_TARGET = 18.4;
				MARKETING_VERSION = 1.0;
				PRODUCT_BUNDLE_IDENTIFIER = "com.bulk-track.BulkTrackUITests";
				PRODUCT_NAME = "$(TARGET_NAME)";
				SDKROOT = iphoneos;
				SWIFT_EMIT_LOC_STRINGS = NO;
				SWIFT_VERSION = 5.0;
				TARGETED_DEVICE_FAMILY = "1,2";
				TEST_TARGET_NAME = BulkTrack;
				VALIDATE_PRODUCT = YES;
			};
			name = Release;
		};
		4F49A8E32DC310F500047A1D /* Debug */ = {
			isa = XCBuildConfiguration;
			buildSettings = {
				BUNDLE_LOADER = "$(TEST_HOST)";
				CODE_SIGN_STYLE = Automatic;
				CURRENT_PROJECT_VERSION = 1;
				GENERATE_INFOPLIST_FILE = YES;
				MARKETING_VERSION = 1.0;
				PRODUCT_BUNDLE_IDENTIFIER = "com.bulk-track.BulkTrack-Watch-AppTests";
				PRODUCT_NAME = "$(TARGET_NAME)";
				SDKROOT = watchos;
				SWIFT_EMIT_LOC_STRINGS = NO;
				SWIFT_VERSION = 5.0;
				TARGETED_DEVICE_FAMILY = 4;
				TEST_HOST = "$(BUILT_PRODUCTS_DIR)/BulkTrack Watch App.app/$(BUNDLE_EXECUTABLE_FOLDER_PATH)/BulkTrack Watch App";
				WATCHOS_DEPLOYMENT_TARGET = 11.4;
			};
			name = Debug;
		};
		4F49A8E42DC310F500047A1D /* Release */ = {
			isa = XCBuildConfiguration;
			buildSettings = {
				BUNDLE_LOADER = "$(TEST_HOST)";
				CODE_SIGN_STYLE = Automatic;
				CURRENT_PROJECT_VERSION = 1;
				GENERATE_INFOPLIST_FILE = YES;
				MARKETING_VERSION = 1.0;
				PRODUCT_BUNDLE_IDENTIFIER = "com.bulk-track.BulkTrack-Watch-AppTests";
				PRODUCT_NAME = "$(TARGET_NAME)";
				SDKROOT = watchos;
				SWIFT_EMIT_LOC_STRINGS = NO;
				SWIFT_VERSION = 5.0;
				TARGETED_DEVICE_FAMILY = 4;
				TEST_HOST = "$(BUILT_PRODUCTS_DIR)/BulkTrack Watch App.app/$(BUNDLE_EXECUTABLE_FOLDER_PATH)/BulkTrack Watch App";
				VALIDATE_PRODUCT = YES;
				WATCHOS_DEPLOYMENT_TARGET = 11.4;
			};
			name = Release;
		};
		4F49A8E62DC310F500047A1D /* Debug */ = {
			isa = XCBuildConfiguration;
			buildSettings = {
				CODE_SIGN_STYLE = Automatic;
				CURRENT_PROJECT_VERSION = 1;
				GENERATE_INFOPLIST_FILE = YES;
				MARKETING_VERSION = 1.0;
				PRODUCT_BUNDLE_IDENTIFIER = "com.bulk-track.BulkTrack-Watch-AppUITests";
				PRODUCT_NAME = "$(TARGET_NAME)";
				SDKROOT = watchos;
				SWIFT_EMIT_LOC_STRINGS = NO;
				SWIFT_VERSION = 5.0;
				TARGETED_DEVICE_FAMILY = 4;
				TEST_TARGET_NAME = "BulkTrack Watch App";
				WATCHOS_DEPLOYMENT_TARGET = 11.4;
			};
			name = Debug;
		};
		4F49A8E72DC310F500047A1D /* Release */ = {
			isa = XCBuildConfiguration;
			buildSettings = {
				CODE_SIGN_STYLE = Automatic;
				CURRENT_PROJECT_VERSION = 1;
				GENERATE_INFOPLIST_FILE = YES;
				MARKETING_VERSION = 1.0;
				PRODUCT_BUNDLE_IDENTIFIER = "com.bulk-track.BulkTrack-Watch-AppUITests";
				PRODUCT_NAME = "$(TARGET_NAME)";
				SDKROOT = watchos;
				SWIFT_EMIT_LOC_STRINGS = NO;
				SWIFT_VERSION = 5.0;
				TARGETED_DEVICE_FAMILY = 4;
				TEST_TARGET_NAME = "BulkTrack Watch App";
				VALIDATE_PRODUCT = YES;
				WATCHOS_DEPLOYMENT_TARGET = 11.4;
			};
			name = Release;
		};
/* End XCBuildConfiguration section */

/* Begin XCConfigurationList section */
		4F49A88A2DC310F200047A1D /* Build configuration list for PBXProject "BulkTrack" */ = {
			isa = XCConfigurationList;
			buildConfigurations = (
				4F49A8D32DC310F500047A1D /* Debug */,
				4F49A8D42DC310F500047A1D /* Release */,
			);
			defaultConfigurationIsVisible = 0;
			defaultConfigurationName = Release;
		};
		4F49A8D52DC310F500047A1D /* Build configuration list for PBXNativeTarget "BulkTrack Watch App" */ = {
			isa = XCConfigurationList;
			buildConfigurations = (
				4F49A8D62DC310F500047A1D /* Debug */,
				4F49A8D72DC310F500047A1D /* Release */,
			);
			defaultConfigurationIsVisible = 0;
			defaultConfigurationName = Release;
		};
		4F49A8D92DC310F500047A1D /* Build configuration list for PBXNativeTarget "BulkTrack" */ = {
			isa = XCConfigurationList;
			buildConfigurations = (
				4F49A8DA2DC310F500047A1D /* Debug */,
				4F49A8DB2DC310F500047A1D /* Release */,
			);
			defaultConfigurationIsVisible = 0;
			defaultConfigurationName = Release;
		};
		4F49A8DC2DC310F500047A1D /* Build configuration list for PBXNativeTarget "BulkTrackTests" */ = {
			isa = XCConfigurationList;
			buildConfigurations = (
				4F49A8DD2DC310F500047A1D /* Debug */,
				4F49A8DE2DC310F500047A1D /* Release */,
			);
			defaultConfigurationIsVisible = 0;
			defaultConfigurationName = Release;
		};
		4F49A8DF2DC310F500047A1D /* Build configuration list for PBXNativeTarget "BulkTrackUITests" */ = {
			isa = XCConfigurationList;
			buildConfigurations = (
				4F49A8E02DC310F500047A1D /* Debug */,
				4F49A8E12DC310F500047A1D /* Release */,
			);
			defaultConfigurationIsVisible = 0;
			defaultConfigurationName = Release;
		};
		4F49A8E22DC310F500047A1D /* Build configuration list for PBXNativeTarget "BulkTrack Watch AppTests" */ = {
			isa = XCConfigurationList;
			buildConfigurations = (
				4F49A8E32DC310F500047A1D /* Debug */,
				4F49A8E42DC310F500047A1D /* Release */,
			);
			defaultConfigurationIsVisible = 0;
			defaultConfigurationName = Release;
		};
		4F49A8E52DC310F500047A1D /* Build configuration list for PBXNativeTarget "BulkTrack Watch AppUITests" */ = {
			isa = XCConfigurationList;
			buildConfigurations = (
				4F49A8E62DC310F500047A1D /* Debug */,
				4F49A8E72DC310F500047A1D /* Release */,
			);
			defaultConfigurationIsVisible = 0;
			defaultConfigurationName = Release;
		};
/* End XCConfigurationList section */
	};
	rootObject = 4F49A8872DC310F200047A1D /* Project object */;
}
